PODS:
  - DDMathParser (2.0.0)

DEPENDENCIES:
  - DDMathParser (from `https://github.com/davedelong/DDMathParser`, branch `master`)

EXTERNAL SOURCES:
  DDMathParser:
    :branch: master
    :git: https://github.com/davedelong/DDMathParser

CHECKOUT OPTIONS:
  DDMathParser:
    :commit: 2e067fc17c36f4298649b6681d52286fe4ca388e
    :git: https://github.com/davedelong/DDMathParser

SPEC CHECKSUMS:
  DDMathParser: 5f0ac82ef206f4f6efa23ee7a39335e7cae43e9e

PODFILE CHECKSUM: 708666f30a0b03a7ce15c9eb5fd05a58839694ff

COCOAPODS: 1.15.2
